// !$*UTF8*$!
{
	archiveVersion = 1;
	classes = {
	};
	objectVersion = 55;
	objects = {

/* Begin PBXBuildFile section */
		71120D1428D039D00023820D /* AppDelegate.swift in Sources */ = {isa = PBXBuildFile; fileRef = 71120D1328D039D00023820D /* AppDelegate.swift */; };
		71120D1628D039D00023820D /* SceneDelegate.swift in Sources */ = {isa = PBXBuildFile; fileRef = 71120D1528D039D00023820D /* SceneDelegate.swift */; };
		71120D1828D039D00023820D /* ViewController.swift in Sources */ = {isa = PBXBuildFile; fileRef = 71120D1728D039D00023820D /* ViewController.swift */; };
		71120D1B28D039D00023820D /* Main.storyboard in Resources */ = {isa = PBXBuildFile; fileRef = 71120D1928D039D00023820D /* Main.storyboard */; };
		71120D1D28D039D10023820D /* Assets.xcassets in Resources */ = {isa = PBXBuildFile; fileRef = 71120D1C28D039D10023820D /* Assets.xcassets */; };
		71120D2028D039D10023820D /* LaunchScreen.storyboard in Resources */ = {isa = PBXBuildFile; fileRef = 71120D1E28D039D10023820D /* LaunchScreen.storyboard */; };
		71120D2B28D039D10023820D /* FlixTests.swift in Sources */ = {isa = PBXBuildFile; fileRef = 71120D2A28D039D10023820D /* FlixTests.swift */; };
		71120D3528D039D10023820D /* FlixUITests.swift in Sources */ = {isa = PBXBuildFile; fileRef = 71120D3428D039D10023820D /* FlixUITests.swift */; };
		71120D3728D039D10023820D /* FlixUITestsLaunchTests.swift in Sources */ = {isa = PBXBuildFile; fileRef = 71120D3628D039D10023820D /* FlixUITestsLaunchTests.swift */; };
		71120D4428D03B050023820D /* MoviesViewController.swift in Sources */ = {isa = PBXBuildFile; fileRef = 71120D4328D03B050023820D /* MoviesViewController.swift */; };
		71A1AB3528D05146006F0415 /* MovieCell.swift in Sources */ = {isa = PBXBuildFile; fileRef = 71A1AB3428D05146006F0415 /* MovieCell.swift */; };
/* End PBXBuildFile section */

/* Begin PBXContainerItemProxy section */
		71120D2728D039D10023820D /* PBXContainerItemProxy */ = {
			isa = PBXContainerItemProxy;
			containerPortal = 71120D0828D039D00023820D /* Project object */;
			proxyType = 1;
			remoteGlobalIDString = 71120D0F28D039D00023820D;
			remoteInfo = Flix;
		};
		71120D3128D039D10023820D /* PBXContainerItemProxy */ = {
			isa = PBXContainerItemProxy;
			containerPortal = 71120D0828D039D00023820D /* Project object */;
			proxyType = 1;
			remoteGlobalIDString = 71120D0F28D039D00023820D;
			remoteInfo = Flix;
		};
/* End PBXContainerItemProxy section */

/* Begin PBXFileReference section */
		71120D1028D039D00023820D /* Flix.app */ = {isa = PBXFileReference; explicitFileType = wrapper.application; includeInIndex = 0; path = Flix.app; sourceTree = BUILT_PRODUCTS_DIR; };
		71120D1328D039D00023820D /* AppDelegate.swift */ = {isa = PBXFileReference; lastKnownFileType = sourcecode.swift; path = AppDelegate.swift; sourceTree = "<group>"; };
		71120D1528D039D00023820D /* SceneDelegate.swift */ = {isa = PBXFileReference; lastKnownFileType = sourcecode.swift; path = SceneDelegate.swift; sourceTree = "<group>"; };
		71120D1728D039D00023820D /* ViewController.swift */ = {isa = PBXFileReference; lastKnownFileType = sourcecode.swift; path = ViewController.swift; sourceTree = "<group>"; };
		71120D1A28D039D00023820D /* Base */ = {isa = PBXFileReference; lastKnownFileType = file.storyboard; name = Base; path = Base.lproj/Main.storyboard; sourceTree = "<group>"; };
		71120D1C28D039D10023820D /* Assets.xcassets */ = {isa = PBXFileReference; lastKnownFileType = folder.assetcatalog; path = Assets.xcassets; sourceTree = "<group>"; };
		71120D1F28D039D10023820D /* Base */ = {isa = PBXFileReference; lastKnownFileType = file.storyboard; name = Base; path = Base.lproj/LaunchScreen.storyboard; sourceTree = "<group>"; };
		71120D2128D039D10023820D /* Info.plist */ = {isa = PBXFileReference; lastKnownFileType = text.plist.xml; path = Info.plist; sourceTree = "<group>"; };
		71120D2628D039D10023820D /* FlixTests.xctest */ = {isa = PBXFileReference; explicitFileType = wrapper.cfbundle; includeInIndex = 0; path = FlixTests.xctest; sourceTree = BUILT_PRODUCTS_DIR; };
		71120D2A28D039D10023820D /* FlixTests.swift */ = {isa = PBXFileReference; lastKnownFileType = sourcecode.swift; path = FlixTests.swift; sourceTree = "<group>"; };
		71120D3028D039D10023820D /* FlixUITests.xctest */ = {isa = PBXFileReference; explicitFileType = wrapper.cfbundle; includeInIndex = 0; path = FlixUITests.xctest; sourceTree = BUILT_PRODUCTS_DIR; };
		71120D3428D039D10023820D /* FlixUITests.swift */ = {isa = PBXFileReference; lastKnownFileType = sourcecode.swift; path = FlixUITests.swift; sourceTree = "<group>"; };
		71120D3628D039D10023820D /* FlixUITestsLaunchTests.swift */ = {isa = PBXFileReference; lastKnownFileType = sourcecode.swift; path = FlixUITestsLaunchTests.swift; sourceTree = "<group>"; };
		71120D4328D03B050023820D /* MoviesViewController.swift */ = {isa = PBXFileReference; lastKnownFileType = sourcecode.swift; path = MoviesViewController.swift; sourceTree = "<group>"; };
		71A1AB3428D05146006F0415 /* MovieCell.swift */ = {isa = PBXFileReference; lastKnownFileType = sourcecode.swift; path = MovieCell.swift; sourceTree = "<group>"; };
/* End PBXFileReference section */

/* Begin PBXFrameworksBuildPhase section */
		71120D0D28D039D00023820D /* Frameworks */ = {
			isa = PBXFrameworksBuildPhase;
			buildActionMask = 2147483647;
			files = (
			);
			runOnlyForDeploymentPostprocessing = 0;
		};
		71120D2328D039D10023820D /* Frameworks */ = {
			isa = PBXFrameworksBuildPhase;
			buildActionMask = 2147483647;
			files = (
			);
			runOnlyForDeploymentPostprocessing = 0;
		};
		71120D2D28D039D10023820D /* Frameworks */ = {
			isa = PBXFrameworksBuildPhase;
			buildActionMask = 2147483647;
			files = (
			);
			runOnlyForDeploymentPostprocessing = 0;
		};
/* End PBXFrameworksBuildPhase section */

/* Begin PBXGroup section */
		71120D0728D039D00023820D = {
			isa = PBXGroup;
			children = (
				71120D1228D039D00023820D /* Flix */,
				71120D2928D039D10023820D /* FlixTests */,
				71120D3328D039D10023820D /* FlixUITests */,
				71120D1128D039D00023820D /* Products */,
			);
			sourceTree = "<group>";
		};
		71120D1128D039D00023820D /* Products */ = {
			isa = PBXGroup;
			children = (
				71120D1028D039D00023820D /* Flix.app */,
				71120D2628D039D10023820D /* FlixTests.xctest */,
				71120D3028D039D10023820D /* FlixUITests.xctest */,
			);
			name = Products;
			sourceTree = "<group>";
		};
		71120D1228D039D00023820D /* Flix */ = {
			isa = PBXGroup;
			children = (
				71120D1328D039D00023820D /* AppDelegate.swift */,
				71120D1528D039D00023820D /* SceneDelegate.swift */,
				71120D1728D039D00023820D /* ViewController.swift */,
				71120D1928D039D00023820D /* Main.storyboard */,
				71120D1C28D039D10023820D /* Assets.xcassets */,
				71120D1E28D039D10023820D /* LaunchScreen.storyboard */,
				71120D2128D039D10023820D /* Info.plist */,
				71120D4328D03B050023820D /* MoviesViewController.swift */,
				71A1AB3428D05146006F0415 /* MovieCell.swift */,
			);
			path = Flix;
			sourceTree = "<group>";
		};
		71120D2928D039D10023820D /* FlixTests */ = {
			isa = PBXGroup;
			children = (
				71120D2A28D039D10023820D /* FlixTests.swift */,
			);
			path = FlixTests;
			sourceTree = "<group>";
		};
		71120D3328D039D10023820D /* FlixUITests */ = {
			isa = PBXGroup;
			children = (
				71120D3428D039D10023820D /* FlixUITests.swift */,
				71120D3628D039D10023820D /* FlixUITestsLaunchTests.swift */,
			);
			path = FlixUITests;
			sourceTree = "<group>";
		};
/* End PBXGroup section */

/* Begin PBXNativeTarget section */
		71120D0F28D039D00023820D /* Flix */ = {
			isa = PBXNativeTarget;
			buildConfigurationList = 71120D3A28D039D10023820D /* Build configuration list for PBXNativeTarget "Flix" */;
			buildPhases = (
				71120D0C28D039D00023820D /* Sources */,
				71120D0D28D039D00023820D /* Frameworks */,
				71120D0E28D039D00023820D /* Resources */,
			);
			buildRules = (
			);
			dependencies = (
			);
			name = Flix;
			productName = Flix;
			productReference = 71120D1028D039D00023820D /* Flix.app */;
			productType = "com.apple.product-type.application";
		};
		71120D2528D039D10023820D /* FlixTests */ = {
			isa = PBXNativeTarget;
			buildConfigurationList = 71120D3D28D039D10023820D /* Build configuration list for PBXNativeTarget "FlixTests" */;
			buildPhases = (
				71120D2228D039D10023820D /* Sources */,
				71120D2328D039D10023820D /* Frameworks */,
				71120D2428D039D10023820D /* Resources */,
			);
			buildRules = (
			);
			dependencies = (
				71120D2828D039D10023820D /* PBXTargetDependency */,
			);
			name = FlixTests;
			productName = FlixTests;
			productReference = 71120D2628D039D10023820D /* FlixTests.xctest */;
			productType = "com.apple.product-type.bundle.unit-test";
		};
		71120D2F28D039D10023820D /* FlixUITests */ = {
			isa = PBXNativeTarget;
			buildConfigurationList = 71120D4028D039D10023820D /* Build configuration list for PBXNativeTarget "FlixUITests" */;
			buildPhases = (
				71120D2C28D039D10023820D /* Sources */,
				71120D2D28D039D10023820D /* Frameworks */,
				71120D2E28D039D10023820D /* Resources */,
			);
			buildRules = (
			);
			dependencies = (
				71120D3228D039D10023820D /* PBXTargetDependency */,
			);
			name = FlixUITests;
			productName = FlixUITests;
			productReference = 71120D3028D039D10023820D /* FlixUITests.xctest */;
			productType = "com.apple.product-type.bundle.ui-testing";
		};
/* End PBXNativeTarget section */

/* Begin PBXProject section */
		71120D0828D039D00023820D /* Project object */ = {
			isa = PBXProject;
			attributes = {
				BuildIndependentTargetsInParallel = 1;
				LastSwiftUpdateCheck = 1340;
				LastUpgradeCheck = 1340;
				TargetAttributes = {
					71120D0F28D039D00023820D = {
						CreatedOnToolsVersion = 13.4.1;
					};
					71120D2528D039D10023820D = {
						CreatedOnToolsVersion = 13.4.1;
						TestTargetID = 71120D0F28D039D00023820D;
					};
					71120D2F28D039D10023820D = {
						CreatedOnToolsVersion = 13.4.1;
						TestTargetID = 71120D0F28D039D00023820D;
					};
				};
			};
			buildConfigurationList = 71120D0B28D039D00023820D /* Build configuration list for PBXProject "Flix" */;
			compatibilityVersion = "Xcode 13.0";
			developmentRegion = en;
			hasScannedForEncodings = 0;
			knownRegions = (
				en,
				Base,
			);
			mainGroup = 71120D0728D039D00023820D;
			productRefGroup = 71120D1128D039D00023820D /* Products */;
			projectDirPath = "";
			projectRoot = "";
			targets = (
				71120D0F28D039D00023820D /* Flix */,
				71120D2528D039D10023820D /* FlixTests */,
				71120D2F28D039D10023820D /* FlixUITests */,
			);
		};
/* End PBXProject section */

/* Begin PBXResourcesBuildPhase section */
		71120D0E28D039D00023820D /* Resources */ = {
			isa = PBXResourcesBuildPhase;
			buildActionMask = 2147483647;
			files = (
				71120D2028D039D10023820D /* LaunchScreen.storyboard in Resources */,
				71120D1D28D039D10023820D /* Assets.xcassets in Resources */,
				71120D1B28D039D00023820D /* Main.storyboard in Resources */,
			);
			runOnlyForDeploymentPostprocessing = 0;
		};
		71120D2428D039D10023820D /* Resources */ = {
			isa = PBXResourcesBuildPhase;
			buildActionMask = 2147483647;
			files = (
			);
			runOnlyForDeploymentPostprocessing = 0;
		};
		71120D2E28D039D10023820D /* Resources */ = {
			isa = PBXResourcesBuildPhase;
			buildActionMask = 2147483647;
			files = (
			);
			runOnlyForDeploymentPostprocessing = 0;
		};
/* End PBXResourcesBuildPhase section */

/* Begin PBXSourcesBuildPhase section */
		71120D0C28D039D00023820D /* Sources */ = {
			isa = PBXSourcesBuildPhase;
			buildActionMask = 2147483647;
			files = (
				71120D1828D039D00023820D /* ViewController.swift in Sources */,
				71120D1428D039D00023820D /* AppDelegate.swift in Sources */,
				71120D1628D039D00023820D /* SceneDelegate.swift in Sources */,
				71A1AB3528D05146006F0415 /* MovieCell.swift in Sources */,
				71120D4428D03B050023820D /* MoviesViewController.swift in Sources */,
			);
			runOnlyForDeploymentPostprocessing = 0;
		};
		71120D2228D039D10023820D /* Sources */ = {
			isa = PBXSourcesBuildPhase;
			buildActionMask = 2147483647;
			files = (
				71120D2B28D039D10023820D /* FlixTests.swift in Sources */,
			);
			runOnlyForDeploymentPostprocessing = 0;
		};
		71120D2C28D039D10023820D /* Sources */ = {
			isa = PBXSourcesBuildPhase;
			buildActionMask = 2147483647;
			files = (
				71120D3528D039D10023820D /* FlixUITests.swift in Sources */,
				71120D3728D039D10023820D /* FlixUITestsLaunchTests.swift in Sources */,
			);
			runOnlyForDeploymentPostprocessing = 0;
		};
/* End PBXSourcesBuildPhase section */

/* Begin PBXTargetDependency section */
		71120D2828D039D10023820D /* PBXTargetDependency */ = {
			isa = PBXTargetDependency;
			target = 71120D0F28D039D00023820D /* Flix */;
			targetProxy = 71120D2728D039D10023820D /* PBXContainerItemProxy */;
		};
		71120D3228D039D10023820D /* PBXTargetDependency */ = {
			isa = PBXTargetDependency;
			target = 71120D0F28D039D00023820D /* Flix */;
			targetProxy = 71120D3128D039D10023820D /* PBXContainerItemProxy */;
		};
/* End PBXTargetDependency section */

/* Begin PBXVariantGroup section */
		71120D1928D039D00023820D /* Main.storyboard */ = {
			isa = PBXVariantGroup;
			children = (
				71120D1A28D039D00023820D /* Base */,
			);
			name = Main.storyboard;
			sourceTree = "<group>";
		};
		71120D1E28D039D10023820D /* LaunchScreen.storyboard */ = {
			isa = PBXVariantGroup;
			children = (
				71120D1F28D039D10023820D /* Base */,
			);
			name = LaunchScreen.storyboard;
			sourceTree = "<group>";
		};
/* End PBXVariantGroup section */

/* Begin XCBuildConfiguration section */
		71120D3828D039D10023820D /* Debug */ = {
			isa = XCBuildConfiguration;
			buildSettings = {
				ALWAYS_SEARCH_USER_PATHS = NO;
				CLANG_ANALYZER_NONNULL = YES;
				CLANG_ANALYZER_NUMBER_OBJECT_CONVERSION = YES_AGGRESSIVE;
				CLANG_CXX_LANGUAGE_STANDARD = "gnu++17";
				CLANG_ENABLE_MODULES = YES;
				CLANG_ENABLE_OBJC_ARC = YES;
				CLANG_ENABLE_OBJC_WEAK = YES;
				CLANG_WARN_BLOCK_CAPTURE_AUTORELEASING = YES;
				CLANG_WARN_BOOL_CONVERSION = YES;
				CLANG_WARN_COMMA = YES;
				CLANG_WARN_CONSTANT_CONVERSION = YES;
				CLANG_WARN_DEPRECATED_OBJC_IMPLEMENTATIONS = YES;
				CLANG_WARN_DIRECT_OBJC_ISA_USAGE = YES_ERROR;
				CLANG_WARN_DOCUMENTATION_COMMENTS = YES;
				CLANG_WARN_EMPTY_BODY = YES;
				CLANG_WARN_ENUM_CONVERSION = YES;
				CLANG_WARN_INFINITE_RECURSION = YES;
				CLANG_WARN_INT_CONVERSION = YES;
				CLANG_WARN_NON_LITERAL_NULL_CONVERSION = YES;
				CLANG_WARN_OBJC_IMPLICIT_RETAIN_SELF = YES;
				CLANG_WARN_OBJC_LITERAL_CONVERSION = YES;
				CLANG_WARN_OBJC_ROOT_CLASS = YES_ERROR;
				CLANG_WARN_QUOTED_INCLUDE_IN_FRAMEWORK_HEADER = YES;
				CLANG_WARN_RANGE_LOOP_ANALYSIS = YES;
				CLANG_WARN_STRICT_PROTOTYPES = YES;
				CLANG_WARN_SUSPICIOUS_MOVE = YES;
				CLANG_WARN_UNGUARDED_AVAILABILITY = YES_AGGRESSIVE;
				CLANG_WARN_UNREACHABLE_CODE = YES;
				CLANG_WARN__DUPLICATE_METHOD_MATCH = YES;
				COPY_PHASE_STRIP = NO;
				DEBUG_INFORMATION_FORMAT = dwarf;
				ENABLE_STRICT_OBJC_MSGSEND = YES;
				ENABLE_TESTABILITY = YES;
				GCC_C_LANGUAGE_STANDARD = gnu11;
				GCC_DYNAMIC_NO_PIC = NO;
				GCC_NO_COMMON_BLOCKS = YES;
				GCC_OPTIMIZATION_LEVEL = 0;
				GCC_PREPROCESSOR_DEFINITIONS = (
					"DEBUG=1",
					"$(inherited)",
				);
				GCC_WARN_64_TO_32_BIT_CONVERSION = YES;
				GCC_WARN_ABOUT_RETURN_TYPE = YES_ERROR;
				GCC_WARN_UNDECLARED_SELECTOR = YES;
				GCC_WARN_UNINITIALIZED_AUTOS = YES_AGGRESSIVE;
				GCC_WARN_UNUSED_FUNCTION = YES;
				GCC_WARN_UNUSED_VARIABLE = YES;
				IPHONEOS_DEPLOYMENT_TARGET = 15.5;
				MTL_ENABLE_DEBUG_INFO = INCLUDE_SOURCE;
				MTL_FAST_MATH = YES;
				ONLY_ACTIVE_ARCH = YES;
				SDKROOT = iphoneos;
				SWIFT_ACTIVE_COMPILATION_CONDITIONS = DEBUG;
				SWIFT_OPTIMIZATION_LEVEL = "-Onone";
			};
			name = Debug;
		};
		71120D3928D039D10023820D /* Release */ = {
			isa = XCBuildConfiguration;
			buildSettings = {
				ALWAYS_SEARCH_USER_PATHS = NO;
				CLANG_ANALYZER_NONNULL = YES;
				CLANG_ANALYZER_NUMBER_OBJECT_CONVERSION = YES_AGGRESSIVE;
				CLANG_CXX_LANGUAGE_STANDARD = "gnu++17";
				CLANG_ENABLE_MODULES = YES;
				CLANG_ENABLE_OBJC_ARC = YES;
				CLANG_ENABLE_OBJC_WEAK = YES;
				CLANG_WARN_BLOCK_CAPTURE_AUTORELEASING = YES;
				CLANG_WARN_BOOL_CONVERSION = YES;
				CLANG_WARN_COMMA = YES;
				CLANG_WARN_CONSTANT_CONVERSION = YES;
				CLANG_WARN_DEPRECATED_OBJC_IMPLEMENTATIONS = YES;
				CLANG_WARN_DIRECT_OBJC_ISA_USAGE = YES_ERROR;
				CLANG_WARN_DOCUMENTATION_COMMENTS = YES;
				CLANG_WARN_EMPTY_BODY = YES;
				CLANG_WARN_ENUM_CONVERSION = YES;
				CLANG_WARN_INFINITE_RECURSION = YES;
				CLANG_WARN_INT_CONVERSION = YES;
				CLANG_WARN_NON_LITERAL_NULL_CONVERSION = YES;
				CLANG_WARN_OBJC_IMPLICIT_RETAIN_SELF = YES;
				CLANG_WARN_OBJC_LITERAL_CONVERSION = YES;
				CLANG_WARN_OBJC_ROOT_CLASS = YES_ERROR;
				CLANG_WARN_QUOTED_INCLUDE_IN_FRAMEWORK_HEADER = YES;
				CLANG_WARN_RANGE_LOOP_ANALYSIS = YES;
				CLANG_WARN_STRICT_PROTOTYPES = YES;
				CLANG_WARN_SUSPICIOUS_MOVE = YES;
				CLANG_WARN_UNGUARDED_AVAILABILITY = YES_AGGRESSIVE;
				CLANG_WARN_UNREACHABLE_CODE = YES;
				CLANG_WARN__DUPLICATE_METHOD_MATCH = YES;
				COPY_PHASE_STRIP = NO;
				DEBUG_INFORMATION_FORMAT = "dwarf-with-dsym";
				ENABLE_NS_ASSERTIONS = NO;
				ENABLE_STRICT_OBJC_MSGSEND = YES;
				GCC_C_LANGUAGE_STANDARD = gnu11;
				GCC_NO_COMMON_BLOCKS = YES;
				GCC_WARN_64_TO_32_BIT_CONVERSION = YES;
				GCC_WARN_ABOUT_RETURN_TYPE = YES_ERROR;
				GCC_WARN_UNDECLARED_SELECTOR = YES;
				GCC_WARN_UNINITIALIZED_AUTOS = YES_AGGRESSIVE;
				GCC_WARN_UNUSED_FUNCTION = YES;
				GCC_WARN_UNUSED_VARIABLE = YES;
				IPHONEOS_DEPLOYMENT_TARGET = 15.5;
				MTL_ENABLE_DEBUG_INFO = NO;
				MTL_FAST_MATH = YES;
				SDKROOT = iphoneos;
				SWIFT_COMPILATION_MODE = wholemodule;
				SWIFT_OPTIMIZATION_LEVEL = "-O";
				VALIDATE_PRODUCT = YES;
			};
			name = Release;
		};
		71120D3B28D039D10023820D /* Debug */ = {
			isa = XCBuildConfiguration;
			buildSettings = {
				ASSETCATALOG_COMPILER_APPICON_NAME = AppIcon;
				ASSETCATALOG_COMPILER_GLOBAL_ACCENT_COLOR_NAME = AccentColor;
				CODE_SIGN_STYLE = Automatic;
				CURRENT_PROJECT_VERSION = 1;
				DEVELOPMENT_TEAM = 4C2D2RVKKF;
				GENERATE_INFOPLIST_FILE = YES;
				INFOPLIST_FILE = Flix/Info.plist;
				INFOPLIST_KEY_UIApplicationSupportsIndirectInputEvents = YES;
				INFOPLIST_KEY_UILaunchStoryboardName = LaunchScreen;
				INFOPLIST_KEY_UIMainStoryboardFile = Main;
				INFOPLIST_KEY_UISupportedInterfaceOrientations_iPad = "UIInterfaceOrientationPortrait UIInterfaceOrientationPortraitUpsideDown UIInterfaceOrientationLandscapeLeft UIInterfaceOrientationLandscapeRight";
				INFOPLIST_KEY_UISupportedInterfaceOrientations_iPhone = "UIInterfaceOrientationPortrait UIInterfaceOrientationLandscapeLeft UIInterfaceOrientationLandscapeRight";
				LD_RUNPATH_SEARCH_PATHS = (
					"$(inherited)",
					"@executable_path/Frameworks",
				);
				MARKETING_VERSION = 1.0;
				PRODUCT_BUNDLE_IDENTIFIER = com.amyiosapps.Flix;
				PRODUCT_NAME = "$(TARGET_NAME)";
				SWIFT_EMIT_LOC_STRINGS = YES;
				SWIFT_VERSION = 5.0;
				TARGETED_DEVICE_FAMILY = "1,2";
			};
			name = Debug;
		};
		71120D3C28D039D10023820D /* Release */ = {
			isa = XCBuildConfiguration;
			buildSettings = {
				ASSETCATALOG_COMPILER_APPICON_NAME = AppIcon;
				ASSETCATALOG_COMPILER_GLOBAL_ACCENT_COLOR_NAME = AccentColor;
				CODE_SIGN_STYLE = Automatic;
				CURRENT_PROJECT_VERSION = 1;
				DEVELOPMENT_TEAM = 4C2D2RVKKF;
				GENERATE_INFOPLIST_FILE = YES;
				INFOPLIST_FILE = Flix/Info.plist;
				INFOPLIST_KEY_UIApplicationSupportsIndirectInputEvents = YES;
				INFOPLIST_KEY_UILaunchStoryboardName = LaunchScreen;
				INFOPLIST_KEY_UIMainStoryboardFile = Main;
				INFOPLIST_KEY_UISupportedInterfaceOrientations_iPad = "UIInterfaceOrientationPortrait UIInterfaceOrientationPortraitUpsideDown UIInterfaceOrientationLandscapeLeft UIInterfaceOrientationLandscapeRight";
				INFOPLIST_KEY_UISupportedInterfaceOrientations_iPhone = "UIInterfaceOrientationPortrait UIInterfaceOrientationLandscapeLeft UIInterfaceOrientationLandscapeRight";
				LD_RUNPATH_SEARCH_PATHS = (
					"$(inherited)",
					"@executable_path/Frameworks",
				);
				MARKETING_VERSION = 1.0;
				PRODUCT_BUNDLE_IDENTIFIER = com.amyiosapps.Flix;
				PRODUCT_NAME = "$(TARGET_NAME)";
				SWIFT_EMIT_LOC_STRINGS = YES;
				SWIFT_VERSION = 5.0;
				TARGETED_DEVICE_FAMILY = "1,2";
			};
			name = Release;
		};
		71120D3E28D039D10023820D /* Debug */ = {
			isa = XCBuildConfiguration;
			buildSettings = {
				ALWAYS_EMBED_SWIFT_STANDARD_LIBRARIES = YES;
				BUNDLE_LOADER = "$(TEST_HOST)";
				CODE_SIGN_STYLE = Automatic;
				CURRENT_PROJECT_VERSION = 1;
				DEVELOPMENT_TEAM = 4C2D2RVKKF;
				GENERATE_INFOPLIST_FILE = YES;
				IPHONEOS_DEPLOYMENT_TARGET = 15.5;
				MARKETING_VERSION = 1.0;
				PRODUCT_BUNDLE_IDENTIFIER = com.amyiosapps.FlixTests;
				PRODUCT_NAME = "$(TARGET_NAME)";
				SWIFT_EMIT_LOC_STRINGS = NO;
				SWIFT_VERSION = 5.0;
				TARGETED_DEVICE_FAMILY = "1,2";
				TEST_HOST = "$(BUILT_PRODUCTS_DIR)/Flix.app/Flix";
			};
			name = Debug;
		};
		71120D3F28D039D10023820D /* Release */ = {
			isa = XCBuildConfiguration;
			buildSettings = {
				ALWAYS_EMBED_SWIFT_STANDARD_LIBRARIES = YES;
				BUNDLE_LOADER = "$(TEST_HOST)";
				CODE_SIGN_STYLE = Automatic;
				CURRENT_PROJECT_VERSION = 1;
				DEVELOPMENT_TEAM = 4C2D2RVKKF;
				GENERATE_INFOPLIST_FILE = YES;
				IPHONEOS_DEPLOYMENT_TARGET = 15.5;
				MARKETING_VERSION = 1.0;
				PRODUCT_BUNDLE_IDENTIFIER = com.amyiosapps.FlixTests;
				PRODUCT_NAME = "$(TARGET_NAME)";
				SWIFT_EMIT_LOC_STRINGS = NO;
				SWIFT_VERSION = 5.0;
				TARGETED_DEVICE_FAMILY = "1,2";
				TEST_HOST = "$(BUILT_PRODUCTS_DIR)/Flix.app/Flix";
			};
			name = Release;
		};
		71120D4128D039D10023820D /* Debug */ = {
			isa = XCBuildConfiguration;
			buildSettings = {
				ALWAYS_EMBED_SWIFT_STANDARD_LIBRARIES = YES;
				CODE_SIGN_STYLE = Automatic;
				CURRENT_PROJECT_VERSION = 1;
				DEVELOPMENT_TEAM = 4C2D2RVKKF;
				GENERATE_INFOPLIST_FILE = YES;
				MARKETING_VERSION = 1.0;
				PRODUCT_BUNDLE_IDENTIFIER = com.amyiosapps.FlixUITests;
				PRODUCT_NAME = "$(TARGET_NAME)";
				SWIFT_EMIT_LOC_STRINGS = NO;
				SWIFT_VERSION = 5.0;
				TARGETED_DEVICE_FAMILY = "1,2";
				TEST_TARGET_NAME = Flix;
			};
			name = Debug;
		};
		71120D4228D039D10023820D /* Release */ = {
			isa = XCBuildConfiguration;
			buildSettings = {
				ALWAYS_EMBED_SWIFT_STANDARD_LIBRARIES = YES;
				CODE_SIGN_STYLE = Automatic;
				CURRENT_PROJECT_VERSION = 1;
				DEVELOPMENT_TEAM = 4C2D2RVKKF;
				GENERATE_INFOPLIST_FILE = YES;
				MARKETING_VERSION = 1.0;
				PRODUCT_BUNDLE_IDENTIFIER = com.amyiosapps.FlixUITests;
				PRODUCT_NAME = "$(TARGET_NAME)";
				SWIFT_EMIT_LOC_STRINGS = NO;
				SWIFT_VERSION = 5.0;
				TARGETED_DEVICE_FAMILY = "1,2";
				TEST_TARGET_NAME = Flix;
			};
			name = Release;
		};
/* End XCBuildConfiguration section */

/* Begin XCConfigurationList section */
		71120D0B28D039D00023820D /* Build configuration list for PBXProject "Flix" */ = {
			isa = XCConfigurationList;
			buildConfigurations = (
				71120D3828D039D10023820D /* Debug */,
				71120D3928D039D10023820D /* Release */,
			);
			defaultConfigurationIsVisible = 0;
			defaultConfigurationName = Release;
		};
		71120D3A28D039D10023820D /* Build configuration list for PBXNativeTarget "Flix" */ = {
			isa = XCConfigurationList;
			buildConfigurations = (
				71120D3B28D039D10023820D /* Debug */,
				71120D3C28D039D10023820D /* Release */,
			);
			defaultConfigurationIsVisible = 0;
			defaultConfigurationName = Release;
		};
		71120D3D28D039D10023820D /* Build configuration list for PBXNativeTarget "FlixTests" */ = {
			isa = XCConfigurationList;
			buildConfigurations = (
				71120D3E28D039D10023820D /* Debug */,
				71120D3F28D039D10023820D /* Release */,
			);
			defaultConfigurationIsVisible = 0;
			defaultConfigurationName = Release;
		};
		71120D4028D039D10023820D /* Build configuration list for PBXNativeTarget "FlixUITests" */ = {
			isa = XCConfigurationList;
			buildConfigurations = (
				71120D4128D039D10023820D /* Debug */,
				71120D4228D039D10023820D /* Release */,
			);
			defaultConfigurationIsVisible = 0;
			defaultConfigurationName = Release;
		};
/* End XCConfigurationList section */
	};
	rootObject = 71120D0828D039D00023820D /* Project object */;
}
